
Microsoft Visual Studio Solution File, Format Version 12.00
# Visual Studio Version 17
VisualStudioVersion = 17.7.34202.233
MinimumVisualStudioVersion = 10.0.40219.1
Project("{9A19103F-16F7-4668-BE54-9A1E7A4F7556}") = "ToDoApp.Client", "ToDoApp.Client\ToDoApp.Client.csproj", "{CBD38FF4-63CB-41D7-AA07-04B765D3BDA0}"
EndProject
Project("{9A19103F-16F7-4668-BE54-9A1E7A4F7556}") = "ToDoApp.Api", "ToDoApp.Api\ToDoApp.Api.csproj", "{8D2A1F29-5664-4298-8908-2837CAC1BAB0}"
EndProject
Project("{2150E333-8FDC-42A3-9474-1A3956D46DE8}") = "Solution Items", "Solution Items", "{6716011C-FD1F-459B-8255-189214A719A4}"
	ProjectSection(SolutionItems) = preProject
		README.md = README.md
	EndProjectSection
EndProject
Global
	GlobalSection(SolutionConfigurationPlatforms) = preSolution
		Debug|Any CPU = Debug|Any CPU
		Release|Any CPU = Release|Any CPU
	EndGlobalSection
	GlobalSection(ProjectConfigurationPlatforms) = postSolution
		{CBD38FF4-63CB-41D7-AA07-04B765D3BDA0}.Debug|Any CPU.ActiveCfg = Debug|Any CPU
		{CBD38FF4-63CB-41D7-AA07-04B765D3BDA0}.Debug|Any CPU.Build.0 = Debug|Any CPU
		{CBD38FF4-63CB-41D7-AA07-04B765D3BDA0}.Release|Any CPU.ActiveCfg = Release|Any CPU
		{CBD38FF4-63CB-41D7-AA07-04B765D3BDA0}.Release|Any CPU.Build.0 = Release|Any CPU
		{8D2A1F29-5664-4298-8908-2837CAC1BAB0}.Debug|Any CPU.ActiveCfg = Debug|Any CPU
		{8D2A1F29-5664-4298-8908-2837CAC1BAB0}.Debug|Any CPU.Build.0 = Debug|Any CPU
		{8D2A1F29-5664-4298-8908-2837CAC1BAB0}.Release|Any CPU.ActiveCfg = Release|Any CPU
		{8D2A1F29-5664-4298-8908-2837CAC1BAB0}.Release|Any CPU.Build.0 = Release|Any CPU
	EndGlobalSection
	GlobalSection(SolutionProperties) = preSolution
		HideSolutionNode = FALSE
	EndGlobalSection
	GlobalSection(ExtensibilityGlobals) = postSolution
		SolutionGuid = {D7D36522-A377-4392-B355-78557FC8565E}
	EndGlobalSection
EndGlobal
